// !$*UTF8*$!
{
	archiveVersion = 1;
	classes = {
	};
	objectVersion = 77;
	objects = {

/* Begin PBXBuildFile section */
		03CE48922DDDBE90002BE441 /* config.yml in Resources */ = {isa = PBXBuildFile; fileRef = 03CE48912DDDBE88002BE441 /* config.yml */; };
		03CE48942DDDC4EA002BE441 /* index.en.md in Resources */ = {isa = PBXBuildFile; fileRef = 03CE48932DDDC4E3002BE441 /* index.en.md */; };
		03CE48962DDDC582002BE441 /* index.fr.md in Resources */ = {isa = PBXBuildFile; fileRef = 03CE48952DDDC57C002BE441 /* index.fr.md */; };
		03DF76E72D9D183E00D179E1 /* README.md in Resources */ = {isa = PBXBuildFile; fileRef = 03DF76E52D9D183E00D179E1 /* README.md */; };
		03DF76E82D9D183E00D179E1 /* README_fr.md in Resources */ = {isa = PBXBuildFile; fileRef = 03DF76E62D9D183E00D179E1 /* README_fr.md */; };
		03DF76F52D9D18DA00D179E1 /* Menu.xcstrings in Resources */ = {isa = PBXBuildFile; fileRef = 03DF76F42D9D18D900D179E1 /* Menu.xcstrings */; };
		03DF76F62D9D18DA00D179E1 /* Localizable.xcstrings in Resources */ = {isa = PBXBuildFile; fileRef = 03DF76F22D9D18D900D179E1 /* Localizable.xcstrings */; };
		03DF77002D9D194200D179E1 /* Info.plist in Resources */ = {isa = PBXBuildFile; fileRef = 03DF76F92D9D194200D179E1 /* Info.plist */; };
		03DF77012D9D194200D179E1 /* OutlineViewController.swift in Sources */ = {isa = PBXBuildFile; fileRef = 03DF76FA2D9D194200D179E1 /* OutlineViewController.swift */; };
		03DF77022D9D194200D179E1 /* Sidebar1A.swift in Sources */ = {isa = PBXBuildFile; fileRef = 03DF76FE2D9D194200D179E1 /* Sidebar1A.swift */; };
		03DF77032D9D194200D179E1 /* Content.swift in Sources */ = {isa = PBXBuildFile; fileRef = 03DF76F82D9D194200D179E1 /* Content.swift */; };
		03DF77042D9D194200D179E1 /* PegaseUIDataApp.swift in Sources */ = {isa = PBXBuildFile; fileRef = 03DF76FC2D9D194200D179E1 /* PegaseUIDataApp.swift */; };
		03DF77052D9D194200D179E1 /* SplashScreen.swift in Sources */ = {isa = PBXBuildFile; fileRef = 03DF76FF2D9D194200D179E1 /* SplashScreen.swift */; };
		03DF77062D9D194200D179E1 /* setupForNilLibrary.swift in Sources */ = {isa = PBXBuildFile; fileRef = 03DF76FD2D9D194200D179E1 /* setupForNilLibrary.swift */; };
		03DF770A2D9D196200D179E1 /* LICENSE in Resources */ = {isa = PBXBuildFile; fileRef = 03DF77072D9D196200D179E1 /* LICENSE */; };
		03DF770C2D9D19A500D179E1 /* Account.xcstrings in Resources */ = {isa = PBXBuildFile; fileRef = 03DF770B2D9D19A500D179E1 /* Account.xcstrings */; };
		03DF770E2D9D19B100D179E1 /* Assets.xcassets in Resources */ = {isa = PBXBuildFile; fileRef = 03DF770D2D9D19B100D179E1 /* Assets.xcassets */; };
		03DF77A02D9D1D1500D179E1 /* DGCharts in Frameworks */ = {isa = PBXBuildFile; productRef = 03DF779F2D9D1D1500D179E1 /* DGCharts */; };
		03DF78972D9D30FE00D179E1 /* LaunchAtLogin in Frameworks */ = {isa = PBXBuildFile; productRef = 03DF78962D9D30FE00D179E1 /* LaunchAtLogin */; };
/* End PBXBuildFile section */

/* Begin PBXFileReference section */
		03CE48912DDDBE88002BE441 /* config.yml */ = {isa = PBXFileReference; lastKnownFileType = text.yaml; path = config.yml; sourceTree = "<group>"; };
		03CE48932DDDC4E3002BE441 /* index.en.md */ = {isa = PBXFileReference; lastKnownFileType = net.daringfireball.markdown; path = index.en.md; sourceTree = "<group>"; };
		03CE48952DDDC57C002BE441 /* index.fr.md */ = {isa = PBXFileReference; lastKnownFileType = net.daringfireball.markdown; path = index.fr.md; sourceTree = "<group>"; };
		03DF764F2D9D15F300D179E1 /* PegaseUIData.app */ = {isa = PBXFileReference; explicitFileType = wrapper.application; includeInIndex = 0; path = PegaseUIData.app; sourceTree = BUILT_PRODUCTS_DIR; };
		03DF76E52D9D183E00D179E1 /* README.md */ = {isa = PBXFileReference; lastKnownFileType = net.daringfireball.markdown; path = README.md; sourceTree = "<group>"; };
		03DF76E62D9D183E00D179E1 /* README_fr.md */ = {isa = PBXFileReference; lastKnownFileType = net.daringfireball.markdown; path = README_fr.md; sourceTree = "<group>"; };
		03DF76F22D9D18D900D179E1 /* Localizable.xcstrings */ = {isa = PBXFileReference; lastKnownFileType = text.json.xcstrings; path = Localizable.xcstrings; sourceTree = "<group>"; };
		03DF76F42D9D18D900D179E1 /* Menu.xcstrings */ = {isa = PBXFileReference; lastKnownFileType = text.json.xcstrings; path = Menu.xcstrings; sourceTree = "<group>"; };
		03DF76F82D9D194200D179E1 /* Content.swift */ = {isa = PBXFileReference; lastKnownFileType = sourcecode.swift; path = Content.swift; sourceTree = "<group>"; };
		03DF76F92D9D194200D179E1 /* Info.plist */ = {isa = PBXFileReference; lastKnownFileType = text.plist.xml; path = Info.plist; sourceTree = "<group>"; };
		03DF76FA2D9D194200D179E1 /* OutlineViewController.swift */ = {isa = PBXFileReference; lastKnownFileType = sourcecode.swift; path = OutlineViewController.swift; sourceTree = "<group>"; };
		03DF76FC2D9D194200D179E1 /* PegaseUIDataApp.swift */ = {isa = PBXFileReference; lastKnownFileType = sourcecode.swift; path = PegaseUIDataApp.swift; sourceTree = "<group>"; };
		03DF76FD2D9D194200D179E1 /* setupForNilLibrary.swift */ = {isa = PBXFileReference; lastKnownFileType = sourcecode.swift; path = setupForNilLibrary.swift; sourceTree = "<group>"; };
		03DF76FE2D9D194200D179E1 /* Sidebar1A.swift */ = {isa = PBXFileReference; lastKnownFileType = sourcecode.swift; path = Sidebar1A.swift; sourceTree = "<group>"; };
		03DF76FF2D9D194200D179E1 /* SplashScreen.swift */ = {isa = PBXFileReference; lastKnownFileType = sourcecode.swift; path = SplashScreen.swift; sourceTree = "<group>"; };
		03DF77072D9D196200D179E1 /* LICENSE */ = {isa = PBXFileReference; lastKnownFileType = text; path = LICENSE; sourceTree = "<group>"; };
		03DF770B2D9D19A500D179E1 /* Account.xcstrings */ = {isa = PBXFileReference; lastKnownFileType = text.json.xcstrings; path = Account.xcstrings; sourceTree = "<group>"; };
		03DF770D2D9D19B100D179E1 /* Assets.xcassets */ = {isa = PBXFileReference; lastKnownFileType = folder.assetcatalog; path = Assets.xcassets; sourceTree = "<group>"; };
/* End PBXFileReference section */

/* Begin PBXFileSystemSynchronizedRootGroup section */
		03DF76512D9D15F300D179E1 /* PegaseUIData */ = {
			isa = PBXFileSystemSynchronizedRootGroup;
			path = PegaseUIData;
			sourceTree = "<group>";
		};
		03DF765E2D9D162100D179E1 /* Doc */ = {
			isa = PBXFileSystemSynchronizedRootGroup;
			path = Doc;
			sourceTree = "<group>";
		};
/* End PBXFileSystemSynchronizedRootGroup section */

/* Begin PBXFrameworksBuildPhase section */
		03DF764C2D9D15F300D179E1 /* Frameworks */ = {
			isa = PBXFrameworksBuildPhase;
			buildActionMask = 2147483647;
			files = (
				03DF78972D9D30FE00D179E1 /* LaunchAtLogin in Frameworks */,
				03DF77A02D9D1D1500D179E1 /* DGCharts in Frameworks */,
			);
			runOnlyForDeploymentPostprocessing = 0;
		};
/* End PBXFrameworksBuildPhase section */

/* Begin PBXGroup section */
		03DF76462D9D15F300D179E1 = {
			isa = PBXGroup;
			children = (
				03CE48952DDDC57C002BE441 /* index.fr.md */,
				03CE48932DDDC4E3002BE441 /* index.en.md */,
				03CE48912DDDBE88002BE441 /* config.yml */,
				03DF76E52D9D183E00D179E1 /* README.md */,
				03DF76E62D9D183E00D179E1 /* README_fr.md */,
				03DF765E2D9D162100D179E1 /* Doc */,
				03DF76512D9D15F300D179E1 /* PegaseUIData */,
				03DF76502D9D15F300D179E1 /* Products */,
				03DF76F22D9D18D900D179E1 /* Localizable.xcstrings */,
				03DF76F42D9D18D900D179E1 /* Menu.xcstrings */,
				03DF76F82D9D194200D179E1 /* Content.swift */,
				03DF76F92D9D194200D179E1 /* Info.plist */,
				03DF76FA2D9D194200D179E1 /* OutlineViewController.swift */,
				03DF76FC2D9D194200D179E1 /* PegaseUIDataApp.swift */,
				03DF76FD2D9D194200D179E1 /* setupForNilLibrary.swift */,
				03DF76FE2D9D194200D179E1 /* Sidebar1A.swift */,
				03DF76FF2D9D194200D179E1 /* SplashScreen.swift */,
				03DF77072D9D196200D179E1 /* LICENSE */,
				03DF770B2D9D19A500D179E1 /* Account.xcstrings */,
				03DF770D2D9D19B100D179E1 /* Assets.xcassets */,
			);
			sourceTree = "<group>";
		};
		03DF76502D9D15F300D179E1 /* Products */ = {
			isa = PBXGroup;
			children = (
				03DF764F2D9D15F300D179E1 /* PegaseUIData.app */,
			);
			name = Products;
			sourceTree = "<group>";
		};
/* End PBXGroup section */

/* Begin PBXNativeTarget section */
		03DF764E2D9D15F300D179E1 /* PegaseUIData */ = {
			isa = PBXNativeTarget;
			buildConfigurationList = 03DF765B2D9D15F400D179E1 /* Build configuration list for PBXNativeTarget "PegaseUIData" */;
			buildPhases = (
				03DF764B2D9D15F300D179E1 /* Sources */,
				03DF764C2D9D15F300D179E1 /* Frameworks */,
				03DF764D2D9D15F300D179E1 /* Resources */,
			);
			buildRules = (
			);
			dependencies = (
			);
			fileSystemSynchronizedGroups = (
				03DF76512D9D15F300D179E1 /* PegaseUIData */,
				03DF765E2D9D162100D179E1 /* Doc */,
			);
			name = PegaseUIData;
			packageProductDependencies = (
				03DF779F2D9D1D1500D179E1 /* DGCharts */,
				03DF78962D9D30FE00D179E1 /* LaunchAtLogin */,
			);
			productName = PegaseUIData;
			productReference = 03DF764F2D9D15F300D179E1 /* PegaseUIData.app */;
			productType = "com.apple.product-type.application";
		};
/* End PBXNativeTarget section */

/* Begin PBXProject section */
		03DF76472D9D15F300D179E1 /* Project object */ = {
			isa = PBXProject;
			attributes = {
				BuildIndependentTargetsInParallel = 1;
				LastSwiftUpdateCheck = 1630;
				LastUpgradeCheck = 1640;
				TargetAttributes = {
					03DF764E2D9D15F300D179E1 = {
						CreatedOnToolsVersion = 16.3;
					};
				};
			};
			buildConfigurationList = 03DF764A2D9D15F300D179E1 /* Build configuration list for PBXProject "PegaseUIData" */;
			developmentRegion = en;
			hasScannedForEncodings = 0;
			knownRegions = (
				en,
				Base,
				fr,
				es,
				it,
			);
			mainGroup = 03DF76462D9D15F300D179E1;
			minimizedProjectReferenceProxies = 1;
			packageReferences = (
				03DF779E2D9D1D1500D179E1 /* XCRemoteSwiftPackageReference "Charts" */,
				03DF78952D9D30FE00D179E1 /* XCRemoteSwiftPackageReference "LaunchAtLogin-Modern" */,
			);
			preferredProjectObjectVersion = 77;
			productRefGroup = 03DF76502D9D15F300D179E1 /* Products */;
			projectDirPath = "";
			projectRoot = "";
			targets = (
				03DF764E2D9D15F300D179E1 /* PegaseUIData */,
			);
		};
/* End PBXProject section */

/* Begin PBXResourcesBuildPhase section */
		03DF764D2D9D15F300D179E1 /* Resources */ = {
			isa = PBXResourcesBuildPhase;
			buildActionMask = 2147483647;
			files = (
				03DF77002D9D194200D179E1 /* Info.plist in Resources */,
				03DF770E2D9D19B100D179E1 /* Assets.xcassets in Resources */,
				03CE48962DDDC582002BE441 /* index.fr.md in Resources */,
				03CE48922DDDBE90002BE441 /* config.yml in Resources */,
				03DF770A2D9D196200D179E1 /* LICENSE in Resources */,
				03DF76E72D9D183E00D179E1 /* README.md in Resources */,
				03CE48942DDDC4EA002BE441 /* index.en.md in Resources */,
				03DF76E82D9D183E00D179E1 /* README_fr.md in Resources */,
				03DF770C2D9D19A500D179E1 /* Account.xcstrings in Resources */,
				03DF76F52D9D18DA00D179E1 /* Menu.xcstrings in Resources */,
				03DF76F62D9D18DA00D179E1 /* Localizable.xcstrings in Resources */,
			);
			runOnlyForDeploymentPostprocessing = 0;
		};
/* End PBXResourcesBuildPhase section */

/* Begin PBXSourcesBuildPhase section */
		03DF764B2D9D15F300D179E1 /* Sources */ = {
			isa = PBXSourcesBuildPhase;
			buildActionMask = 2147483647;
			files = (
				03DF77012D9D194200D179E1 /* OutlineViewController.swift in Sources */,
				03DF77022D9D194200D179E1 /* Sidebar1A.swift in Sources */,
				03DF77032D9D194200D179E1 /* Content.swift in Sources */,
				03DF77042D9D194200D179E1 /* PegaseUIDataApp.swift in Sources */,
				03DF77052D9D194200D179E1 /* SplashScreen.swift in Sources */,
				03DF77062D9D194200D179E1 /* setupForNilLibrary.swift in Sources */,
			);
			runOnlyForDeploymentPostprocessing = 0;
		};
/* End PBXSourcesBuildPhase section */

/* Begin XCBuildConfiguration section */
		03DF76592D9D15F400D179E1 /* Debug */ = {
			isa = XCBuildConfiguration;
			buildSettings = {
				ALWAYS_SEARCH_USER_PATHS = NO;
				ASSETCATALOG_COMPILER_GENERATE_SWIFT_ASSET_SYMBOL_EXTENSIONS = YES;
				CLANG_ANALYZER_LOCALIZABILITY_NONLOCALIZED = YES;
				CLANG_ANALYZER_NONNULL = YES;
				CLANG_ANALYZER_NUMBER_OBJECT_CONVERSION = YES_AGGRESSIVE;
				CLANG_CXX_LANGUAGE_STANDARD = "gnu++20";
				CLANG_ENABLE_MODULES = YES;
				CLANG_ENABLE_OBJC_ARC = YES;
				CLANG_ENABLE_OBJC_WEAK = YES;
				CLANG_WARN_BLOCK_CAPTURE_AUTORELEASING = YES;
				CLANG_WARN_BOOL_CONVERSION = YES;
				CLANG_WARN_COMMA = YES;
				CLANG_WARN_CONSTANT_CONVERSION = YES;
				CLANG_WARN_DEPRECATED_OBJC_IMPLEMENTATIONS = YES;
				CLANG_WARN_DIRECT_OBJC_ISA_USAGE = YES_ERROR;
				CLANG_WARN_DOCUMENTATION_COMMENTS = YES;
				CLANG_WARN_EMPTY_BODY = YES;
				CLANG_WARN_ENUM_CONVERSION = YES;
				CLANG_WARN_INFINITE_RECURSION = YES;
				CLANG_WARN_INT_CONVERSION = YES;
				CLANG_WARN_NON_LITERAL_NULL_CONVERSION = YES;
				CLANG_WARN_OBJC_IMPLICIT_RETAIN_SELF = YES;
				CLANG_WARN_OBJC_LITERAL_CONVERSION = YES;
				CLANG_WARN_OBJC_ROOT_CLASS = YES_ERROR;
				CLANG_WARN_QUOTED_INCLUDE_IN_FRAMEWORK_HEADER = YES;
				CLANG_WARN_RANGE_LOOP_ANALYSIS = YES;
				CLANG_WARN_STRICT_PROTOTYPES = YES;
				CLANG_WARN_SUSPICIOUS_MOVE = YES;
				CLANG_WARN_UNGUARDED_AVAILABILITY = YES_AGGRESSIVE;
				CLANG_WARN_UNREACHABLE_CODE = YES;
				CLANG_WARN__DUPLICATE_METHOD_MATCH = YES;
				COPY_PHASE_STRIP = NO;
				DEAD_CODE_STRIPPING = YES;
				DEBUG_INFORMATION_FORMAT = dwarf;
				DEVELOPMENT_TEAM = 84WLNJ2YG4;
				ENABLE_STRICT_OBJC_MSGSEND = YES;
				ENABLE_TESTABILITY = YES;
				ENABLE_USER_SCRIPT_SANDBOXING = YES;
				GCC_C_LANGUAGE_STANDARD = gnu17;
				GCC_DYNAMIC_NO_PIC = NO;
				GCC_NO_COMMON_BLOCKS = YES;
				GCC_OPTIMIZATION_LEVEL = 0;
				GCC_PREPROCESSOR_DEFINITIONS = (
					"DEBUG=1",
					"$(inherited)",
				);
				GCC_WARN_64_TO_32_BIT_CONVERSION = YES;
				GCC_WARN_ABOUT_RETURN_TYPE = YES_ERROR;
				GCC_WARN_UNDECLARED_SELECTOR = YES;
				GCC_WARN_UNINITIALIZED_AUTOS = YES_AGGRESSIVE;
				GCC_WARN_UNUSED_FUNCTION = YES;
				GCC_WARN_UNUSED_VARIABLE = YES;
				LOCALIZATION_PREFERS_STRING_CATALOGS = YES;
				MACOSX_DEPLOYMENT_TARGET = 15.4;
				MTL_ENABLE_DEBUG_INFO = INCLUDE_SOURCE;
				MTL_FAST_MATH = YES;
				ONLY_ACTIVE_ARCH = YES;
				SDKROOT = macosx;
				SWIFT_ACTIVE_COMPILATION_CONDITIONS = "DEBUG $(inherited)";
				SWIFT_OPTIMIZATION_LEVEL = "-Onone";
			};
			name = Debug;
		};
		03DF765A2D9D15F400D179E1 /* Release */ = {
			isa = XCBuildConfiguration;
			buildSettings = {
				ALWAYS_SEARCH_USER_PATHS = NO;
				ASSETCATALOG_COMPILER_GENERATE_SWIFT_ASSET_SYMBOL_EXTENSIONS = YES;
				CLANG_ANALYZER_LOCALIZABILITY_NONLOCALIZED = YES;
				CLANG_ANALYZER_NONNULL = YES;
				CLANG_ANALYZER_NUMBER_OBJECT_CONVERSION = YES_AGGRESSIVE;
				CLANG_CXX_LANGUAGE_STANDARD = "gnu++20";
				CLANG_ENABLE_MODULES = YES;
				CLANG_ENABLE_OBJC_ARC = YES;
				CLANG_ENABLE_OBJC_WEAK = YES;
				CLANG_WARN_BLOCK_CAPTURE_AUTORELEASING = YES;
				CLANG_WARN_BOOL_CONVERSION = YES;
				CLANG_WARN_COMMA = YES;
				CLANG_WARN_CONSTANT_CONVERSION = YES;
				CLANG_WARN_DEPRECATED_OBJC_IMPLEMENTATIONS = YES;
				CLANG_WARN_DIRECT_OBJC_ISA_USAGE = YES_ERROR;
				CLANG_WARN_DOCUMENTATION_COMMENTS = YES;
				CLANG_WARN_EMPTY_BODY = YES;
				CLANG_WARN_ENUM_CONVERSION = YES;
				CLANG_WARN_INFINITE_RECURSION = YES;
				CLANG_WARN_INT_CONVERSION = YES;
				CLANG_WARN_NON_LITERAL_NULL_CONVERSION = YES;
				CLANG_WARN_OBJC_IMPLICIT_RETAIN_SELF = YES;
				CLANG_WARN_OBJC_LITERAL_CONVERSION = YES;
				CLANG_WARN_OBJC_ROOT_CLASS = YES_ERROR;
				CLANG_WARN_QUOTED_INCLUDE_IN_FRAMEWORK_HEADER = YES;
				CLANG_WARN_RANGE_LOOP_ANALYSIS = YES;
				CLANG_WARN_STRICT_PROTOTYPES = YES;
				CLANG_WARN_SUSPICIOUS_MOVE = YES;
				CLANG_WARN_UNGUARDED_AVAILABILITY = YES_AGGRESSIVE;
				CLANG_WARN_UNREACHABLE_CODE = YES;
				CLANG_WARN__DUPLICATE_METHOD_MATCH = YES;
				COPY_PHASE_STRIP = NO;
				DEAD_CODE_STRIPPING = YES;
				DEBUG_INFORMATION_FORMAT = "dwarf-with-dsym";
				DEVELOPMENT_TEAM = 84WLNJ2YG4;
				ENABLE_NS_ASSERTIONS = NO;
				ENABLE_STRICT_OBJC_MSGSEND = YES;
				ENABLE_USER_SCRIPT_SANDBOXING = YES;
				GCC_C_LANGUAGE_STANDARD = gnu17;
				GCC_NO_COMMON_BLOCKS = YES;
				GCC_WARN_64_TO_32_BIT_CONVERSION = YES;
				GCC_WARN_ABOUT_RETURN_TYPE = YES_ERROR;
				GCC_WARN_UNDECLARED_SELECTOR = YES;
				GCC_WARN_UNINITIALIZED_AUTOS = YES_AGGRESSIVE;
				GCC_WARN_UNUSED_FUNCTION = YES;
				GCC_WARN_UNUSED_VARIABLE = YES;
				LOCALIZATION_PREFERS_STRING_CATALOGS = YES;
				MACOSX_DEPLOYMENT_TARGET = 15.4;
				MTL_ENABLE_DEBUG_INFO = NO;
				MTL_FAST_MATH = YES;
				SDKROOT = macosx;
				SWIFT_COMPILATION_MODE = wholemodule;
			};
			name = Release;
		};
		03DF765C2D9D15F400D179E1 /* Debug */ = {
			isa = XCBuildConfiguration;
			buildSettings = {
				ASSETCATALOG_COMPILER_APPICON_NAME = AppIcon;
				ASSETCATALOG_COMPILER_GLOBAL_ACCENT_COLOR_NAME = AccentColor;
				CODE_SIGN_ENTITLEMENTS = PegaseUIData/PegaseUIData.entitlements;
				"CODE_SIGN_IDENTITY[sdk=macosx*]" = "Apple Development";
				CODE_SIGN_STYLE = Automatic;
				COMBINE_HIDPI_IMAGES = YES;
				CURRENT_PROJECT_VERSION = 1;
				DEAD_CODE_STRIPPING = YES;
				DEVELOPMENT_TEAM = Y3XMZAK2SQ;
				ENABLE_HARDENED_RUNTIME = YES;
				ENABLE_PREVIEWS = YES;
				GENERATE_INFOPLIST_FILE = YES;
				INFOPLIST_KEY_LSApplicationCategoryType = "public.app-category.finance";
				INFOPLIST_KEY_NSHumanReadableCopyright = "";
				LD_RUNPATH_SEARCH_PATHS = (
					"$(inherited)",
					"@executable_path/../Frameworks",
				);
				MARKETING_VERSION = 0.93;
				PRODUCT_BUNDLE_IDENTIFIER = perso.PegaseUIData;
				PRODUCT_NAME = "$(TARGET_NAME)";
				REGISTER_APP_GROUPS = YES;
				SWIFT_EMIT_LOC_STRINGS = YES;
				SWIFT_VERSION = 5.0;
			};
			name = Debug;
		};
		03DF765D2D9D15F400D179E1 /* Release */ = {
			isa = XCBuildConfiguration;
			buildSettings = {
				ASSETCATALOG_COMPILER_APPICON_NAME = AppIcon;
				ASSETCATALOG_COMPILER_GLOBAL_ACCENT_COLOR_NAME = AccentColor;
				CODE_SIGN_ENTITLEMENTS = PegaseUIData/PegaseUIData.entitlements;
				"CODE_SIGN_IDENTITY[sdk=macosx*]" = "Apple Development";
				CODE_SIGN_STYLE = Automatic;
				COMBINE_HIDPI_IMAGES = YES;
				CURRENT_PROJECT_VERSION = 1;
				DEAD_CODE_STRIPPING = YES;
				DEVELOPMENT_TEAM = Y3XMZAK2SQ;
				ENABLE_HARDENED_RUNTIME = YES;
				ENABLE_PREVIEWS = YES;
				GENERATE_INFOPLIST_FILE = YES;
				INFOPLIST_KEY_LSApplicationCategoryType = "public.app-category.finance";
				INFOPLIST_KEY_NSHumanReadableCopyright = "";
				LD_RUNPATH_SEARCH_PATHS = (
					"$(inherited)",
					"@executable_path/../Frameworks",
				);
				MARKETING_VERSION = 0.93;
				PRODUCT_BUNDLE_IDENTIFIER = perso.PegaseUIData;
				PRODUCT_NAME = "$(TARGET_NAME)";
				REGISTER_APP_GROUPS = YES;
				SWIFT_EMIT_LOC_STRINGS = YES;
				SWIFT_VERSION = 5.0;
			};
			name = Release;
		};
/* End XCBuildConfiguration section */

/* Begin XCConfigurationList section */
		03DF764A2D9D15F300D179E1 /* Build configuration list for PBXProject "PegaseUIData" */ = {
			isa = XCConfigurationList;
			buildConfigurations = (
				03DF76592D9D15F400D179E1 /* Debug */,
				03DF765A2D9D15F400D179E1 /* Release */,
			);
			defaultConfigurationIsVisible = 0;
			defaultConfigurationName = Release;
		};
		03DF765B2D9D15F400D179E1 /* Build configuration list for PBXNativeTarget "PegaseUIData" */ = {
			isa = XCConfigurationList;
			buildConfigurations = (
				03DF765C2D9D15F400D179E1 /* Debug */,
				03DF765D2D9D15F400D179E1 /* Release */,
			);
			defaultConfigurationIsVisible = 0;
			defaultConfigurationName = Release;
		};
/* End XCConfigurationList section */

/* Begin XCRemoteSwiftPackageReference section */
		03DF779E2D9D1D1500D179E1 /* XCRemoteSwiftPackageReference "Charts" */ = {
			isa = XCRemoteSwiftPackageReference;
			repositoryURL = "https://github.com/ChartsOrg/Charts";
			requirement = {
				kind = upToNextMajorVersion;
				minimumVersion = 5.1.0;
			};
		};
		03DF78952D9D30FE00D179E1 /* XCRemoteSwiftPackageReference "LaunchAtLogin-Modern" */ = {
			isa = XCRemoteSwiftPackageReference;
			repositoryURL = "https://github.com/sindresorhus/LaunchAtLogin-Modern";
			requirement = {
				branch = main;
				kind = branch;
			};
		};
/* End XCRemoteSwiftPackageReference section */

/* Begin XCSwiftPackageProductDependency section */
		03DF779F2D9D1D1500D179E1 /* DGCharts */ = {
			isa = XCSwiftPackageProductDependency;
			package = 03DF779E2D9D1D1500D179E1 /* XCRemoteSwiftPackageReference "Charts" */;
			productName = DGCharts;
		};
		03DF78962D9D30FE00D179E1 /* LaunchAtLogin */ = {
			isa = XCSwiftPackageProductDependency;
			package = 03DF78952D9D30FE00D179E1 /* XCRemoteSwiftPackageReference "LaunchAtLogin-Modern" */;
			productName = LaunchAtLogin;
		};
/* End XCSwiftPackageProductDependency section */
	};
	rootObject = 03DF76472D9D15F300D179E1 /* Project object */;
}
